
Microsoft Visual Studio Solution File, Format Version 12.00
# Visual Studio Version 17
VisualStudioVersion = 17.3.32825.248
MinimumVisualStudioVersion = 10.0.40219.1
Project("{FAE04EC0-301F-11D3-BF4B-00C04F79EFBC}") = "AirplaneGame", "AirplaneGame\AirplaneGame.csproj", "{9607790C-CD19-44F1-8CE8-3E8751713211}"
EndProject
Global
	GlobalSection(SolutionConfigurationPlatforms) = preSolution
		Debug|Any CPU = Debug|Any CPU
		Release|Any CPU = Release|Any CPU
	EndGlobalSection
	GlobalSection(ProjectConfigurationPlatforms) = postSolution
		{9607790C-CD19-44F1-8CE8-3E8751713211}.Debug|Any CPU.ActiveCfg = Debug|Any CPU
		{9607790C-CD19-44F1-8CE8-3E8751713211}.Debug|Any CPU.Build.0 = Debug|Any CPU
		{9607790C-CD19-44F1-8CE8-3E8751713211}.Release|Any CPU.ActiveCfg = Release|Any CPU
		{9607790C-CD19-44F1-8CE8-3E8751713211}.Release|Any CPU.Build.0 = Release|Any CPU
	EndGlobalSection
	GlobalSection(SolutionProperties) = preSolution
		HideSolutionNode = FALSE
	EndGlobalSection
	GlobalSection(ExtensibilityGlobals) = postSolution
		SolutionGuid = {B53B49F2-33E5-48AA-AB61-8AAEA19CBFFC}
	EndGlobalSection
EndGlobal
